
Microsoft Visual Studio Solution File, Format Version 12.00
# Visual Studio Version 16
VisualStudioVersion = 16.0.31624.102
MinimumVisualStudioVersion = 10.0.40219.1
Project("{FAE04EC0-301F-11D3-BF4B-00C04F79EFBC}") = "Assignment4", "Assignment4\Assignment4.csproj", "{ECFB309E-93DF-4893-9E59-961EEE8CCD27}"
EndProject
Global
	GlobalSection(SolutionConfigurationPlatforms) = preSolution
		Debug|Any CPU = Debug|Any CPU
		Release|Any CPU = Release|Any CPU
	EndGlobalSection
	GlobalSection(ProjectConfigurationPlatforms) = postSolution
		{ECFB309E-93DF-4893-9E59-961EEE8CCD27}.Debug|Any CPU.ActiveCfg = Debug|Any CPU
		{ECFB309E-93DF-4893-9E59-961EEE8CCD27}.Debug|Any CPU.Build.0 = Debug|Any CPU
		{ECFB309E-93DF-4893-9E59-961EEE8CCD27}.Release|Any CPU.ActiveCfg = Release|Any CPU
		{ECFB309E-93DF-4893-9E59-961EEE8CCD27}.Release|Any CPU.Build.0 = Release|Any CPU
	EndGlobalSection
	GlobalSection(SolutionProperties) = preSolution
		HideSolutionNode = FALSE
	EndGlobalSection
	GlobalSection(ExtensibilityGlobals) = postSolution
		SolutionGuid = {C454D20C-EE27-49C9-B3ED-2F537DA08D63}
	EndGlobalSection
EndGlobal
